
Microsoft Visual Studio Solution File, Format Version 9.00
# Visual Studio 2005
Project("{FAE04EC0-301F-11D3-BF4B-00C04F79EFBC}") = "CGen", "CGen\CGen.csproj", "{E0712545-64ED-45C9-890A-75F620E66585}"
EndProject
Project("{FAE04EC0-301F-11D3-BF4B-00C04F79EFBC}") = "Arebis.CodeGeneration", "Arebis.CodeGeneration\Arebis.CodeGeneration.csproj", "{145A1F88-5666-4CFD-BB74-8587D092D4BA}"
EndProject
Project("{FAE04EC0-301F-11D3-BF4B-00C04F79EFBC}") = "Arebis.CodeGeneration.VisualStudio", "Arebis.CodeGeneration.VisualStudio\Arebis.CodeGeneration.VisualStudio.csproj", "{BEEF38A8-372B-454F-8F12-14B008F16216}"
EndProject
Project("{FAE04EC0-301F-11D3-BF4B-00C04F79EFBC}") = "Arebis.CodeGenerator", "Arebis.CodeGenerator\Arebis.CodeGenerator.csproj", "{D2A451FB-809C-4F02-AA7D-5C0589495BE7}"
EndProject
Global
	GlobalSection(SolutionConfigurationPlatforms) = preSolution
		Debug|Any CPU = Debug|Any CPU
		Release|Any CPU = Release|Any CPU
	EndGlobalSection
	GlobalSection(ProjectConfigurationPlatforms) = postSolution
		{E0712545-64ED-45C9-890A-75F620E66585}.Debug|Any CPU.ActiveCfg = Debug|Any CPU
		{E0712545-64ED-45C9-890A-75F620E66585}.Debug|Any CPU.Build.0 = Debug|Any CPU
		{E0712545-64ED-45C9-890A-75F620E66585}.Release|Any CPU.ActiveCfg = Release|Any CPU
		{E0712545-64ED-45C9-890A-75F620E66585}.Release|Any CPU.Build.0 = Release|Any CPU
		{145A1F88-5666-4CFD-BB74-8587D092D4BA}.Debug|Any CPU.ActiveCfg = Debug|Any CPU
		{145A1F88-5666-4CFD-BB74-8587D092D4BA}.Debug|Any CPU.Build.0 = Debug|Any CPU
		{145A1F88-5666-4CFD-BB74-8587D092D4BA}.Release|Any CPU.ActiveCfg = Release|Any CPU
		{145A1F88-5666-4CFD-BB74-8587D092D4BA}.Release|Any CPU.Build.0 = Release|Any CPU
		{BEEF38A8-372B-454F-8F12-14B008F16216}.Debug|Any CPU.ActiveCfg = Debug|Any CPU
		{BEEF38A8-372B-454F-8F12-14B008F16216}.Debug|Any CPU.Build.0 = Debug|Any CPU
		{BEEF38A8-372B-454F-8F12-14B008F16216}.Release|Any CPU.ActiveCfg = Release|Any CPU
		{BEEF38A8-372B-454F-8F12-14B008F16216}.Release|Any CPU.Build.0 = Release|Any CPU
		{D2A451FB-809C-4F02-AA7D-5C0589495BE7}.Debug|Any CPU.ActiveCfg = Debug|Any CPU
		{D2A451FB-809C-4F02-AA7D-5C0589495BE7}.Debug|Any CPU.Build.0 = Debug|Any CPU
		{D2A451FB-809C-4F02-AA7D-5C0589495BE7}.Release|Any CPU.ActiveCfg = Release|Any CPU
		{D2A451FB-809C-4F02-AA7D-5C0589495BE7}.Release|Any CPU.Build.0 = Release|Any CPU
	EndGlobalSection
	GlobalSection(SolutionProperties) = preSolution
		HideSolutionNode = FALSE
	EndGlobalSection
EndGlobal
